{
  "name": "tuiportfolio",
  "version": "0.0.1",
  "lockfileVersion": 3,
  "requires": true,
  "packages": {
    "": {
      "name": "tuiportfolio",
      "version": "0.0.1",
      "dependencies": {
        "astro": "^7.3.4",
        "canvas-confetti": "1.9.4"
      },
      "devDependencies": {
        "@astrojs/check": "^0.9.10",
        "@tailwindcss/vite": "^4.3.3",
        "@types/canvas-confetti": "1.9.0",
        "@types/node": "^20.17.10",
        "tailwindcss": "^4.3.3",
        "typescript": "^5.8.3"
      }
    }
  }
}
